{
  "nodes": {
    "dotfiles": {
      "flake": false,
      "locked": {
        "lastModified": 1747837499,
        "narHash": "sha256-QpzwfNVmO7UH4lx5ofcs9ABxlXWQo/S4sfqx6Xk4eqw=",
        "owner": "fpiribauer",
        "repo": "dotfiles",
        "rev": "1686a32d52221df715f618ea824c8c48f21cf218",
        "type": "github"
      },
      "original": {
        "owner": "fpiribauer",
        "repo": "dotfiles",
        "type": "github"
      }
    },
    "home-manager": {
      "inputs": {
        "nixpkgs": [
          "nixpkgs"
        ]
      },
      "locked": {
        "lastModified": 1750033262,
        "narHash": "sha256-TcFN78w6kPspxpbPsxW/8vQ1GAtY8Y3mjBaC+oB8jo4=",
        "owner": "nix-community",
        "repo": "home-manager",
        "rev": "66523b0efe93ce5b0ba96dcddcda15d36673c1f0",
        "type": "github"
      },
      "original": {
        "owner": "nix-community",
        "repo": "home-manager",
        "type": "github"
      }
    },
    "nix-colors": {
      "inputs": {
        "nixpkgs": [
          "nixpkgs"
        ],
        "nixpkgs-lib": "nixpkgs-lib",
        "schemes": [
          "schemes"
        ]
      },
      "locked": {
        "lastModified": 1727449771,
        "narHash": "sha256-3vTaVmqX2NM/L02tOjGyhOVT9wDf7YSlBTLW4SJW2gM=",
        "owner": "fpiribauer",
        "repo": "nix-colors",
        "rev": "00d2b929e68ad8aefda5b008de316bdc53986ed6",
        "type": "github"
      },
      "original": {
        "owner": "fpiribauer",
        "ref": "base24",
        "repo": "nix-colors",
        "type": "github"
      }
    },
    "nix-index-database": {
      "inputs": {
        "nixpkgs": [
          "nixpkgs"
        ]
      },
      "locked": {
        "lastModified": 1749960154,
        "narHash": "sha256-EWlr9MZDd+GoGtZB4QsDzaLyaDQPGnRY03MFp6u2wSg=",
        "owner": "nix-community",
        "repo": "nix-index-database",
        "rev": "424a40050cdc5f494ec45e46462d288f08c64475",
        "type": "github"
      },
      "original": {
        "owner": "nix-community",
        "repo": "nix-index-database",
        "type": "github"
      }
    },
    "nixpkgs": {
      "locked": {
        "lastModified": 1749903597,
        "narHash": "sha256-jp0D4vzBcRKwNZwfY4BcWHemLGUs4JrS3X9w5k/JYDA=",
        "owner": "nixos",
        "repo": "nixpkgs",
        "rev": "41da1e3ea8e23e094e5e3eeb1e6b830468a7399e",
        "type": "github"
      },
      "original": {
        "owner": "nixos",
        "ref": "nixpkgs-unstable",
        "repo": "nixpkgs",
        "type": "github"
      }
    },
    "nixpkgs-23-11": {
      "locked": {
        "lastModified": 1701282334,
        "narHash": "sha256-MxCVrXY6v4QmfTwIysjjaX0XUhqBbxTWWB4HXtDYsdk=",
        "owner": "nixos",
        "repo": "nixpkgs",
        "rev": "057f9aecfb71c4437d2b27d3323df7f93c010b7e",
        "type": "github"
      },
      "original": {
        "owner": "nixos",
        "ref": "23.11",
        "repo": "nixpkgs",
        "type": "github"
      }
    },
    "nixpkgs-lib": {
      "locked": {
        "lastModified": 1726966855,
        "narHash": "sha256-25ByioeOBFcnitO5lM/Mufnv/u7YtHEHEM8QFuiS40k=",
        "owner": "nix-community",
        "repo": "nixpkgs.lib",
        "rev": "575704ff85d3a41dc5bfef7b55380cbc7b87f3c2",
        "type": "github"
      },
      "original": {
        "owner": "nix-community",
        "repo": "nixpkgs.lib",
        "type": "github"
      }
    },
    "root": {
      "inputs": {
        "dotfiles": "dotfiles",
        "home-manager": "home-manager",
        "nix-colors": "nix-colors",
        "nix-index-database": "nix-index-database",
        "nixpkgs": "nixpkgs",
        "nixpkgs-23-11": "nixpkgs-23-11",
        "schemes": "schemes"
      }
    },
    "schemes": {
      "flake": false,
      "locked": {
        "lastModified": 1749495620,
        "narHash": "sha256-pDz3SALMXwLvqvVPKj2pQn1Cr6WsPTWICaUhWfmXAYI=",
        "owner": "tinted-theming",
        "repo": "schemes",
        "rev": "b15ea410ff2091a064a92d0f6b8bae80a2f27798",
        "type": "github"
      },
      "original": {
        "owner": "tinted-theming",
        "repo": "schemes",
        "type": "github"
      }
    }
  },
  "root": "root",
  "version": 7
}
