{
  "nodes": {
    "dotfiles": {
      "flake": false,
      "locked": {
        "lastModified": 1728028725,
        "narHash": "sha256-eI3o4uouCeG+qKxaCupurePXZMG9rHQzgKA1/fYE/iw=",
        "owner": "fpiribauer",
        "repo": "dotfiles",
        "rev": "3e37d75e93d0d9f61d25b7a6a7f2a710b050e516",
        "type": "github"
      },
      "original": {
        "owner": "fpiribauer",
        "repo": "dotfiles",
        "type": "github"
      }
    },
    "home-manager": {
      "inputs": {
        "nixpkgs": [
          "nixpkgs"
        ]
      },
      "locked": {
        "lastModified": 1728041527,
        "narHash": "sha256-03liqiJtk9UP7YQHW4r8MduKCK242FQzud8iWvvlK+o=",
        "owner": "nix-community",
        "repo": "home-manager",
        "rev": "509dbf8d45606b618e9ec3bbe4e936b7c5bc6c1e",
        "type": "github"
      },
      "original": {
        "owner": "nix-community",
        "repo": "home-manager",
        "type": "github"
      }
    },
    "nix-colors": {
      "inputs": {
        "nixpkgs": [
          "nixpkgs"
        ],
        "nixpkgs-lib": "nixpkgs-lib",
        "schemes": [
          "schemes"
        ]
      },
      "locked": {
        "lastModified": 1727449771,
        "narHash": "sha256-3vTaVmqX2NM/L02tOjGyhOVT9wDf7YSlBTLW4SJW2gM=",
        "owner": "fpiribauer",
        "repo": "nix-colors",
        "rev": "00d2b929e68ad8aefda5b008de316bdc53986ed6",
        "type": "github"
      },
      "original": {
        "owner": "fpiribauer",
        "ref": "base24",
        "repo": "nix-colors",
        "type": "github"
      }
    },
    "nix-index-database": {
      "inputs": {
        "nixpkgs": [
          "nixpkgs"
        ]
      },
      "locked": {
        "lastModified": 1728185226,
        "narHash": "sha256-W+wWyNjFywVfFrbErXhGwgO2HlR0yMHqd1doEEbW9yw=",
        "owner": "nix-community",
        "repo": "nix-index-database",
        "rev": "0f7169d3ec7ef1477af6e39731e67a1dc7a9f6e7",
        "type": "github"
      },
      "original": {
        "owner": "nix-community",
        "repo": "nix-index-database",
        "type": "github"
      }
    },
    "nixpkgs": {
      "locked": {
        "lastModified": 1728018373,
        "narHash": "sha256-NOiTvBbRLIOe5F6RbHaAh6++BNjsb149fGZd1T4+KBg=",
        "owner": "nixos",
        "repo": "nixpkgs",
        "rev": "bc947f541ae55e999ffdb4013441347d83b00feb",
        "type": "github"
      },
      "original": {
        "owner": "nixos",
        "ref": "nixos-unstable",
        "repo": "nixpkgs",
        "type": "github"
      }
    },
    "nixpkgs-23-11": {
      "locked": {
        "lastModified": 1701282334,
        "narHash": "sha256-MxCVrXY6v4QmfTwIysjjaX0XUhqBbxTWWB4HXtDYsdk=",
        "owner": "nixos",
        "repo": "nixpkgs",
        "rev": "057f9aecfb71c4437d2b27d3323df7f93c010b7e",
        "type": "github"
      },
      "original": {
        "owner": "nixos",
        "ref": "23.11",
        "repo": "nixpkgs",
        "type": "github"
      }
    },
    "nixpkgs-lib": {
      "locked": {
        "lastModified": 1726966855,
        "narHash": "sha256-25ByioeOBFcnitO5lM/Mufnv/u7YtHEHEM8QFuiS40k=",
        "owner": "nix-community",
        "repo": "nixpkgs.lib",
        "rev": "575704ff85d3a41dc5bfef7b55380cbc7b87f3c2",
        "type": "github"
      },
      "original": {
        "owner": "nix-community",
        "repo": "nixpkgs.lib",
        "type": "github"
      }
    },
    "root": {
      "inputs": {
        "dotfiles": "dotfiles",
        "home-manager": "home-manager",
        "nix-colors": "nix-colors",
        "nix-index-database": "nix-index-database",
        "nixpkgs": "nixpkgs",
        "nixpkgs-23-11": "nixpkgs-23-11",
        "schemes": "schemes"
      }
    },
    "schemes": {
      "flake": false,
      "locked": {
        "lastModified": 1727294262,
        "narHash": "sha256-UCRGabAyj8+RFkKdSZBR8BPE6yLM3rPpdxXHmwd9rZ0=",
        "owner": "tinted-theming",
        "repo": "schemes",
        "rev": "b3273211d5d1510aee669083fc5a1e0e4b5e310c",
        "type": "github"
      },
      "original": {
        "owner": "tinted-theming",
        "repo": "schemes",
        "type": "github"
      }
    }
  },
  "root": "root",
  "version": 7
}
